Microsoft Visual Studio Solution File, Format Version 12.00
# Visual Studio Version 17
VisualStudioVersion = 17.5.2.0
MinimumVisualStudioVersion = 10.0.40219.1
Project("{FAE04EC0-301F-11D3-BF4B-00C04F79EFBC}") = "OsayamiBlog", "OsayamiBlog.csproj", "{1B5B6629-AE9C-54D6-6076-F3FA55153ED7}"
EndProject
Global
	GlobalSection(SolutionConfigurationPlatforms) = preSolution
		Debug|Any CPU = Debug|Any CPU
		Release|Any CPU = Release|Any CPU
	EndGlobalSection
	GlobalSection(ProjectConfigurationPlatforms) = postSolution
		{1B5B6629-AE9C-54D6-6076-F3FA55153ED7}.Debug|Any CPU.ActiveCfg = Debug|Any CPU
		{1B5B6629-AE9C-54D6-6076-F3FA55153ED7}.Debug|Any CPU.Build.0 = Debug|Any CPU
		{1B5B6629-AE9C-54D6-6076-F3FA55153ED7}.Release|Any CPU.ActiveCfg = Release|Any CPU
		{1B5B6629-AE9C-54D6-6076-F3FA55153ED7}.Release|Any CPU.Build.0 = Release|Any CPU
	EndGlobalSection
	GlobalSection(SolutionProperties) = preSolution
		HideSolutionNode = FALSE
	EndGlobalSection
	GlobalSection(ExtensibilityGlobals) = postSolution
		SolutionGuid = {5B2D81E2-2BD9-4B46-8153-C70F4BC043D5}
	EndGlobalSection
EndGlobal
